// !$*UTF8*$!
{
	archiveVersion = 1;
	classes = {
	};
	objectVersion = 46;
	objects = {

/* Begin PBXBuildFile section */
		848661D91CDAD64D00C263FD /* main.m in Sources */ = {isa = PBXBuildFile; fileRef = 848661D81CDAD64D00C263FD /* main.m */; };
		848661DC1CDAD64D00C263FD /* AppDelegate.m in Sources */ = {isa = PBXBuildFile; fileRef = 848661DB1CDAD64D00C263FD /* AppDelegate.m */; };
		848661DF1CDAD64D00C263FD /* ViewController.m in Sources */ = {isa = PBXBuildFile; fileRef = 848661DE1CDAD64D00C263FD /* ViewController.m */; };
		848661E21CDAD64D00C263FD /* Main.storyboard in Resources */ = {isa = PBXBuildFile; fileRef = 848661E01CDAD64D00C263FD /* Main.storyboard */; };
		848661E41CDAD64D00C263FD /* Assets.xcassets in Resources */ = {isa = PBXBuildFile; fileRef = 848661E31CDAD64D00C263FD /* Assets.xcassets */; };
		848661E71CDAD64D00C263FD /* LaunchScreen.storyboard in Resources */ = {isa = PBXBuildFile; fileRef = 848661E51CDAD64D00C263FD /* LaunchScreen.storyboard */; };
		848661F21CDAD64D00C263FD /* picViewerTests.m in Sources */ = {isa = PBXBuildFile; fileRef = 848661F11CDAD64D00C263FD /* picViewerTests.m */; };
		848661FD1CDAD64D00C263FD /* picViewerUITests.m in Sources */ = {isa = PBXBuildFile; fileRef = 848661FC1CDAD64D00C263FD /* picViewerUITests.m */; };
		848662171CDB31A200C263FD /* AppDelegate+Category.m in Sources */ = {isa = PBXBuildFile; fileRef = 848662161CDB31A200C263FD /* AppDelegate+Category.m */; };
		848662221CDB39B300C263FD /* NSObject+HUD.m in Sources */ = {isa = PBXBuildFile; fileRef = 848662191CDB39B300C263FD /* NSObject+HUD.m */; };
		848662231CDB39B300C263FD /* NSObject+MJParse.m in Sources */ = {isa = PBXBuildFile; fileRef = 8486621B1CDB39B300C263FD /* NSObject+MJParse.m */; };
		848662241CDB39B300C263FD /* NSObject+Network.m in Sources */ = {isa = PBXBuildFile; fileRef = 8486621D1CDB39B300C263FD /* NSObject+Network.m */; };
		848662251CDB39B300C263FD /* NSObject+Parse.m in Sources */ = {isa = PBXBuildFile; fileRef = 8486621F1CDB39B300C263FD /* NSObject+Parse.m */; };
		848662261CDB39B300C263FD /* UIScrollView+Refresh.m in Sources */ = {isa = PBXBuildFile; fileRef = 848662211CDB39B300C263FD /* UIScrollView+Refresh.m */; };
		848662291CDB3AFE00C263FD /* BaseViewController.m in Sources */ = {isa = PBXBuildFile; fileRef = 848662281CDB3AFE00C263FD /* BaseViewController.m */; };
		A3F5671DC03EB3EC20C7A98D /* libPods-picViewer.a in Frameworks */ = {isa = PBXBuildFile; fileRef = 8317F8C2531F42180612D755 /* libPods-picViewer.a */; };
/* End PBXBuildFile section */

/* Begin PBXContainerItemProxy section */
		848661EE1CDAD64D00C263FD /* PBXContainerItemProxy */ = {
			isa = PBXContainerItemProxy;
			containerPortal = 848661CC1CDAD64C00C263FD /* Project object */;
			proxyType = 1;
			remoteGlobalIDString = 848661D31CDAD64C00C263FD;
			remoteInfo = picViewer;
		};
		848661F91CDAD64D00C263FD /* PBXContainerItemProxy */ = {
			isa = PBXContainerItemProxy;
			containerPortal = 848661CC1CDAD64C00C263FD /* Project object */;
			proxyType = 1;
			remoteGlobalIDString = 848661D31CDAD64C00C263FD;
			remoteInfo = picViewer;
		};
/* End PBXContainerItemProxy section */

/* Begin PBXFileReference section */
		2F03D8AD3E8B0022817CC368 /* Pods-picViewer.debug.xcconfig */ = {isa = PBXFileReference; includeInIndex = 1; lastKnownFileType = text.xcconfig; name = "Pods-picViewer.debug.xcconfig"; path = "Pods/Target Support Files/Pods-picViewer/Pods-picViewer.debug.xcconfig"; sourceTree = "<group>"; };
		8317F8C2531F42180612D755 /* libPods-picViewer.a */ = {isa = PBXFileReference; explicitFileType = archive.ar; includeInIndex = 0; path = "libPods-picViewer.a"; sourceTree = BUILT_PRODUCTS_DIR; };
		848661D41CDAD64C00C263FD /* picViewer.app */ = {isa = PBXFileReference; explicitFileType = wrapper.application; includeInIndex = 0; path = picViewer.app; sourceTree = BUILT_PRODUCTS_DIR; };
		848661D81CDAD64D00C263FD /* main.m */ = {isa = PBXFileReference; lastKnownFileType = sourcecode.c.objc; path = main.m; sourceTree = "<group>"; };
		848661DA1CDAD64D00C263FD /* AppDelegate.h */ = {isa = PBXFileReference; lastKnownFileType = sourcecode.c.h; path = AppDelegate.h; sourceTree = "<group>"; };
		848661DB1CDAD64D00C263FD /* AppDelegate.m */ = {isa = PBXFileReference; lastKnownFileType = sourcecode.c.objc; path = AppDelegate.m; sourceTree = "<group>"; };
		848661DD1CDAD64D00C263FD /* ViewController.h */ = {isa = PBXFileReference; lastKnownFileType = sourcecode.c.h; name = ViewController.h; path = picViewer/ViewController.h; sourceTree = SOURCE_ROOT; };
		848661DE1CDAD64D00C263FD /* ViewController.m */ = {isa = PBXFileReference; lastKnownFileType = sourcecode.c.objc; name = ViewController.m; path = picViewer/ViewController.m; sourceTree = SOURCE_ROOT; };
		848661E11CDAD64D00C263FD /* Base */ = {isa = PBXFileReference; lastKnownFileType = file.storyboard; name = Base; path = Base.lproj/Main.storyboard; sourceTree = "<group>"; };
		848661E31CDAD64D00C263FD /* Assets.xcassets */ = {isa = PBXFileReference; lastKnownFileType = folder.assetcatalog; name = Assets.xcassets; path = ../Assets.xcassets; sourceTree = "<group>"; };
		848661E61CDAD64D00C263FD /* Base */ = {isa = PBXFileReference; lastKnownFileType = file.storyboard; name = Base; path = Base.lproj/LaunchScreen.storyboard; sourceTree = "<group>"; };
		848661E81CDAD64D00C263FD /* Info.plist */ = {isa = PBXFileReference; lastKnownFileType = text.plist.xml; path = Info.plist; sourceTree = "<group>"; };
		848661ED1CDAD64D00C263FD /* picViewerTests.xctest */ = {isa = PBXFileReference; explicitFileType = wrapper.cfbundle; includeInIndex = 0; path = picViewerTests.xctest; sourceTree = BUILT_PRODUCTS_DIR; };
		848661F11CDAD64D00C263FD /* picViewerTests.m */ = {isa = PBXFileReference; lastKnownFileType = sourcecode.c.objc; path = picViewerTests.m; sourceTree = "<group>"; };
		848661F31CDAD64D00C263FD /* Info.plist */ = {isa = PBXFileReference; lastKnownFileType = text.plist.xml; path = Info.plist; sourceTree = "<group>"; };
		848661F81CDAD64D00C263FD /* picViewerUITests.xctest */ = {isa = PBXFileReference; explicitFileType = wrapper.cfbundle; includeInIndex = 0; path = picViewerUITests.xctest; sourceTree = BUILT_PRODUCTS_DIR; };
		848661FC1CDAD64D00C263FD /* picViewerUITests.m */ = {isa = PBXFileReference; lastKnownFileType = sourcecode.c.objc; path = picViewerUITests.m; sourceTree = "<group>"; };
		848661FE1CDAD64D00C263FD /* Info.plist */ = {isa = PBXFileReference; lastKnownFileType = text.plist.xml; path = Info.plist; sourceTree = "<group>"; };
		848662141CDB2BDE00C263FD /* PrefixHeader.pch */ = {isa = PBXFileReference; lastKnownFileType = sourcecode.c.h; path = PrefixHeader.pch; sourceTree = "<group>"; };
		848662151CDB31A200C263FD /* AppDelegate+Category.h */ = {isa = PBXFileReference; fileEncoding = 4; lastKnownFileType = sourcecode.c.h; path = "AppDelegate+Category.h"; sourceTree = "<group>"; };
		848662161CDB31A200C263FD /* AppDelegate+Category.m */ = {isa = PBXFileReference; fileEncoding = 4; lastKnownFileType = sourcecode.c.objc; path = "AppDelegate+Category.m"; sourceTree = "<group>"; };
		848662181CDB39B300C263FD /* NSObject+HUD.h */ = {isa = PBXFileReference; fileEncoding = 4; lastKnownFileType = sourcecode.c.h; path = "NSObject+HUD.h"; sourceTree = "<group>"; };
		848662191CDB39B300C263FD /* NSObject+HUD.m */ = {isa = PBXFileReference; fileEncoding = 4; lastKnownFileType = sourcecode.c.objc; path = "NSObject+HUD.m"; sourceTree = "<group>"; };
		8486621A1CDB39B300C263FD /* NSObject+MJParse.h */ = {isa = PBXFileReference; fileEncoding = 4; lastKnownFileType = sourcecode.c.h; path = "NSObject+MJParse.h"; sourceTree = "<group>"; };
		8486621B1CDB39B300C263FD /* NSObject+MJParse.m */ = {isa = PBXFileReference; fileEncoding = 4; lastKnownFileType = sourcecode.c.objc; path = "NSObject+MJParse.m"; sourceTree = "<group>"; };
		8486621C1CDB39B300C263FD /* NSObject+Network.h */ = {isa = PBXFileReference; fileEncoding = 4; lastKnownFileType = sourcecode.c.h; path = "NSObject+Network.h"; sourceTree = "<group>"; };
		8486621D1CDB39B300C263FD /* NSObject+Network.m */ = {isa = PBXFileReference; fileEncoding = 4; lastKnownFileType = sourcecode.c.objc; path = "NSObject+Network.m"; sourceTree = "<group>"; };
		8486621E1CDB39B300C263FD /* NSObject+Parse.h */ = {isa = PBXFileReference; fileEncoding = 4; lastKnownFileType = sourcecode.c.h; path = "NSObject+Parse.h"; sourceTree = "<group>"; };
		8486621F1CDB39B300C263FD /* NSObject+Parse.m */ = {isa = PBXFileReference; fileEncoding = 4; lastKnownFileType = sourcecode.c.objc; path = "NSObject+Parse.m"; sourceTree = "<group>"; };
		848662201CDB39B300C263FD /* UIScrollView+Refresh.h */ = {isa = PBXFileReference; fileEncoding = 4; lastKnownFileType = sourcecode.c.h; path = "UIScrollView+Refresh.h"; sourceTree = "<group>"; };
		848662211CDB39B300C263FD /* UIScrollView+Refresh.m */ = {isa = PBXFileReference; fileEncoding = 4; lastKnownFileType = sourcecode.c.objc; path = "UIScrollView+Refresh.m"; sourceTree = "<group>"; };
		848662271CDB3AFE00C263FD /* BaseViewController.h */ = {isa = PBXFileReference; fileEncoding = 4; lastKnownFileType = sourcecode.c.h; path = BaseViewController.h; sourceTree = "<group>"; };
		848662281CDB3AFE00C263FD /* BaseViewController.m */ = {isa = PBXFileReference; fileEncoding = 4; lastKnownFileType = sourcecode.c.objc; path = BaseViewController.m; sourceTree = "<group>"; };
		8486622A1CDB3BA800C263FD /* Constants.h */ = {isa = PBXFileReference; lastKnownFileType = sourcecode.c.h; path = Constants.h; sourceTree = "<group>"; };
		8486622B1CDB3BB900C263FD /* Methods.h */ = {isa = PBXFileReference; lastKnownFileType = sourcecode.c.h; path = Methods.h; sourceTree = "<group>"; };
		E87800B634C2E8FE3F901AE6 /* Pods-picViewer.release.xcconfig */ = {isa = PBXFileReference; includeInIndex = 1; lastKnownFileType = text.xcconfig; name = "Pods-picViewer.release.xcconfig"; path = "Pods/Target Support Files/Pods-picViewer/Pods-picViewer.release.xcconfig"; sourceTree = "<group>"; };
/* End PBXFileReference section */

/* Begin PBXFrameworksBuildPhase section */
		848661D11CDAD64C00C263FD /* Frameworks */ = {
			isa = PBXFrameworksBuildPhase;
			buildActionMask = 2147483647;
			files = (
				A3F5671DC03EB3EC20C7A98D /* libPods-picViewer.a in Frameworks */,
			);
			runOnlyForDeploymentPostprocessing = 0;
		};
		848661EA1CDAD64D00C263FD /* Frameworks */ = {
			isa = PBXFrameworksBuildPhase;
			buildActionMask = 2147483647;
			files = (
			);
			runOnlyForDeploymentPostprocessing = 0;
		};
		848661F51CDAD64D00C263FD /* Frameworks */ = {
			isa = PBXFrameworksBuildPhase;
			buildActionMask = 2147483647;
			files = (
			);
			runOnlyForDeploymentPostprocessing = 0;
		};
/* End PBXFrameworksBuildPhase section */

/* Begin PBXGroup section */
		848661CB1CDAD64C00C263FD = {
			isa = PBXGroup;
			children = (
				848661D61CDAD64D00C263FD /* picViewer */,
				848661F01CDAD64D00C263FD /* picViewerTests */,
				848661FB1CDAD64D00C263FD /* picViewerUITests */,
				848661D51CDAD64C00C263FD /* Products */,
				8BD343B03D436F17A7AE68DC /* Pods */,
				D48C970DA4FE473D95A70730 /* Frameworks */,
			);
			sourceTree = "<group>";
		};
		848661D51CDAD64C00C263FD /* Products */ = {
			isa = PBXGroup;
			children = (
				848661D41CDAD64C00C263FD /* picViewer.app */,
				848661ED1CDAD64D00C263FD /* picViewerTests.xctest */,
				848661F81CDAD64D00C263FD /* picViewerUITests.xctest */,
			);
			name = Products;
			sourceTree = "<group>";
		};
		848661D61CDAD64D00C263FD /* picViewer */ = {
			isa = PBXGroup;
			children = (
				8486620A1CDB2AA200C263FD /* Category */,
				8486620B1CDB2AA200C263FD /* Define */,
				8486620C1CDB2AA200C263FD /* Factory */,
				8486620D1CDB2AA200C263FD /* Model */,
				8486620E1CDB2AA200C263FD /* NetManager */,
				8486620F1CDB2AA200C263FD /* Resource */,
				848662101CDB2AA200C263FD /* Vendor */,
				848662111CDB2AA200C263FD /* View */,
				848662121CDB2AA200C263FD /* ViewController */,
				848662131CDB2AA200C263FD /* ViewModel */,
				848661DA1CDAD64D00C263FD /* AppDelegate.h */,
				848661DB1CDAD64D00C263FD /* AppDelegate.m */,
				848661D71CDAD64D00C263FD /* Supporting Files */,
			);
			path = picViewer;
			sourceTree = "<group>";
		};
		848661D71CDAD64D00C263FD /* Supporting Files */ = {
			isa = PBXGroup;
			children = (
				848661E81CDAD64D00C263FD /* Info.plist */,
				848661D81CDAD64D00C263FD /* main.m */,
				848662141CDB2BDE00C263FD /* PrefixHeader.pch */,
			);
			name = "Supporting Files";
			sourceTree = "<group>";
		};
		848661F01CDAD64D00C263FD /* picViewerTests */ = {
			isa = PBXGroup;
			children = (
				848661F11CDAD64D00C263FD /* picViewerTests.m */,
				848661F31CDAD64D00C263FD /* Info.plist */,
			);
			path = picViewerTests;
			sourceTree = "<group>";
		};
		848661FB1CDAD64D00C263FD /* picViewerUITests */ = {
			isa = PBXGroup;
			children = (
				848661FC1CDAD64D00C263FD /* picViewerUITests.m */,
				848661FE1CDAD64D00C263FD /* Info.plist */,
			);
			path = picViewerUITests;
			sourceTree = "<group>";
		};
		8486620A1CDB2AA200C263FD /* Category */ = {
			isa = PBXGroup;
			children = (
				848662151CDB31A200C263FD /* AppDelegate+Category.h */,
				848662161CDB31A200C263FD /* AppDelegate+Category.m */,
				848662181CDB39B300C263FD /* NSObject+HUD.h */,
				848662191CDB39B300C263FD /* NSObject+HUD.m */,
				8486621A1CDB39B300C263FD /* NSObject+MJParse.h */,
				8486621B1CDB39B300C263FD /* NSObject+MJParse.m */,
				8486621C1CDB39B300C263FD /* NSObject+Network.h */,
				8486621D1CDB39B300C263FD /* NSObject+Network.m */,
				8486621E1CDB39B300C263FD /* NSObject+Parse.h */,
				8486621F1CDB39B300C263FD /* NSObject+Parse.m */,
				848662201CDB39B300C263FD /* UIScrollView+Refresh.h */,
				848662211CDB39B300C263FD /* UIScrollView+Refresh.m */,
			);
			path = Category;
			sourceTree = "<group>";
		};
		8486620B1CDB2AA200C263FD /* Define */ = {
			isa = PBXGroup;
			children = (
				8486622A1CDB3BA800C263FD /* Constants.h */,
				8486622B1CDB3BB900C263FD /* Methods.h */,
			);
			path = Define;
			sourceTree = "<group>";
		};
		8486620C1CDB2AA200C263FD /* Factory */ = {
			isa = PBXGroup;
			children = (
			);
			path = Factory;
			sourceTree = "<group>";
		};
		8486620D1CDB2AA200C263FD /* Model */ = {
			isa = PBXGroup;
			children = (
			);
			path = Model;
			sourceTree = "<group>";
		};
		8486620E1CDB2AA200C263FD /* NetManager */ = {
			isa = PBXGroup;
			children = (
			);
			path = NetManager;
			sourceTree = "<group>";
		};
		8486620F1CDB2AA200C263FD /* Resource */ = {
			isa = PBXGroup;
			children = (
				848661E01CDAD64D00C263FD /* Main.storyboard */,
				848661E51CDAD64D00C263FD /* LaunchScreen.storyboard */,
				848661E31CDAD64D00C263FD /* Assets.xcassets */,
			);
			path = Resource;
			sourceTree = "<group>";
		};
		848662101CDB2AA200C263FD /* Vendor */ = {
			isa = PBXGroup;
			children = (
			);
			path = Vendor;
			sourceTree = "<group>";
		};
		848662111CDB2AA200C263FD /* View */ = {
			isa = PBXGroup;
			children = (
			);
			path = View;
			sourceTree = "<group>";
		};
		848662121CDB2AA200C263FD /* ViewController */ = {
			isa = PBXGroup;
			children = (
				848661DD1CDAD64D00C263FD /* ViewController.h */,
				848661DE1CDAD64D00C263FD /* ViewController.m */,
				848662271CDB3AFE00C263FD /* BaseViewController.h */,
				848662281CDB3AFE00C263FD /* BaseViewController.m */,
			);
			path = ViewController;
			sourceTree = "<group>";
		};
		848662131CDB2AA200C263FD /* ViewModel */ = {
			isa = PBXGroup;
			children = (
			);
			path = ViewModel;
			sourceTree = "<group>";
		};
		8BD343B03D436F17A7AE68DC /* Pods */ = {
			isa = PBXGroup;
			children = (
				2F03D8AD3E8B0022817CC368 /* Pods-picViewer.debug.xcconfig */,
				E87800B634C2E8FE3F901AE6 /* Pods-picViewer.release.xcconfig */,
			);
			name = Pods;
			sourceTree = "<group>";
		};
		D48C970DA4FE473D95A70730 /* Frameworks */ = {
			isa = PBXGroup;
			children = (
				8317F8C2531F42180612D755 /* libPods-picViewer.a */,
			);
			name = Frameworks;
			sourceTree = "<group>";
		};
/* End PBXGroup section */

/* Begin PBXNativeTarget section */
		848661D31CDAD64C00C263FD /* picViewer */ = {
			isa = PBXNativeTarget;
			buildConfigurationList = 848662011CDAD64D00C263FD /* Build configuration list for PBXNativeTarget "picViewer" */;
			buildPhases = (
				ED2166953837F3F4F4858772 /* Check Pods Manifest.lock */,
				848661D01CDAD64C00C263FD /* Sources */,
				848661D11CDAD64C00C263FD /* Frameworks */,
				848661D21CDAD64C00C263FD /* Resources */,
				013A1BF4D74C368F9D004843 /* Embed Pods Frameworks */,
				CD281CCA3A055693BB53EFD5 /* Copy Pods Resources */,
			);
			buildRules = (
			);
			dependencies = (
			);
			name = picViewer;
			productName = picViewer;
			productReference = 848661D41CDAD64C00C263FD /* picViewer.app */;
			productType = "com.apple.product-type.application";
		};
		848661EC1CDAD64D00C263FD /* picViewerTests */ = {
			isa = PBXNativeTarget;
			buildConfigurationList = 848662041CDAD64D00C263FD /* Build configuration list for PBXNativeTarget "picViewerTests" */;
			buildPhases = (
				848661E91CDAD64D00C263FD /* Sources */,
				848661EA1CDAD64D00C263FD /* Frameworks */,
				848661EB1CDAD64D00C263FD /* Resources */,
			);
			buildRules = (
			);
			dependencies = (
				848661EF1CDAD64D00C263FD /* PBXTargetDependency */,
			);
			name = picViewerTests;
			productName = picViewerTests;
			productReference = 848661ED1CDAD64D00C263FD /* picViewerTests.xctest */;
			productType = "com.apple.product-type.bundle.unit-test";
		};
		848661F71CDAD64D00C263FD /* picViewerUITests */ = {
			isa = PBXNativeTarget;
			buildConfigurationList = 848662071CDAD64D00C263FD /* Build configuration list for PBXNativeTarget "picViewerUITests" */;
			buildPhases = (
				848661F41CDAD64D00C263FD /* Sources */,
				848661F51CDAD64D00C263FD /* Frameworks */,
				848661F61CDAD64D00C263FD /* Resources */,
			);
			buildRules = (
			);
			dependencies = (
				848661FA1CDAD64D00C263FD /* PBXTargetDependency */,
			);
			name = picViewerUITests;
			productName = picViewerUITests;
			productReference = 848661F81CDAD64D00C263FD /* picViewerUITests.xctest */;
			productType = "com.apple.product-type.bundle.ui-testing";
		};
/* End PBXNativeTarget section */

/* Begin PBXProject section */
		848661CC1CDAD64C00C263FD /* Project object */ = {
			isa = PBXProject;
			attributes = {
				LastUpgradeCheck = 0730;
				ORGANIZATIONNAME = pengyiwei;
				TargetAttributes = {
					848661D31CDAD64C00C263FD = {
						CreatedOnToolsVersion = 7.3;
						DevelopmentTeam = 5RLGZU9ETV;
					};
					848661EC1CDAD64D00C263FD = {
						CreatedOnToolsVersion = 7.3;
						DevelopmentTeam = 5RLGZU9ETV;
						TestTargetID = 848661D31CDAD64C00C263FD;
					};
					848661F71CDAD64D00C263FD = {
						CreatedOnToolsVersion = 7.3;
						DevelopmentTeam = 5RLGZU9ETV;
						TestTargetID = 848661D31CDAD64C00C263FD;
					};
				};
			};
			buildConfigurationList = 848661CF1CDAD64C00C263FD /* Build configuration list for PBXProject "picViewer" */;
			compatibilityVersion = "Xcode 3.2";
			developmentRegion = English;
			hasScannedForEncodings = 0;
			knownRegions = (
				en,
				Base,
			);
			mainGroup = 848661CB1CDAD64C00C263FD;
			productRefGroup = 848661D51CDAD64C00C263FD /* Products */;
			projectDirPath = "";
			projectRoot = "";
			targets = (
				848661D31CDAD64C00C263FD /* picViewer */,
				848661EC1CDAD64D00C263FD /* picViewerTests */,
				848661F71CDAD64D00C263FD /* picViewerUITests */,
			);
		};
/* End PBXProject section */

/* Begin PBXResourcesBuildPhase section */
		848661D21CDAD64C00C263FD /* Resources */ = {
			isa = PBXResourcesBuildPhase;
			buildActionMask = 2147483647;
			files = (
				848661E71CDAD64D00C263FD /* LaunchScreen.storyboard in Resources */,
				848661E41CDAD64D00C263FD /* Assets.xcassets in Resources */,
				848661E21CDAD64D00C263FD /* Main.storyboard in Resources */,
			);
			runOnlyForDeploymentPostprocessing = 0;
		};
		848661EB1CDAD64D00C263FD /* Resources */ = {
			isa = PBXResourcesBuildPhase;
			buildActionMask = 2147483647;
			files = (
			);
			runOnlyForDeploymentPostprocessing = 0;
		};
		848661F61CDAD64D00C263FD /* Resources */ = {
			isa = PBXResourcesBuildPhase;
			buildActionMask = 2147483647;
			files = (
			);
			runOnlyForDeploymentPostprocessing = 0;
		};
/* End PBXResourcesBuildPhase section */

/* Begin PBXShellScriptBuildPhase section */
		013A1BF4D74C368F9D004843 /* Embed Pods Frameworks */ = {
			isa = PBXShellScriptBuildPhase;
			buildActionMask = 2147483647;
			files = (
			);
			inputPaths = (
			);
			name = "Embed Pods Frameworks";
			outputPaths = (
			);
			runOnlyForDeploymentPostprocessing = 0;
			shellPath = /bin/sh;
			shellScript = "\"${SRCROOT}/Pods/Target Support Files/Pods-picViewer/Pods-picViewer-frameworks.sh\"\n";
			showEnvVarsInLog = 0;
		};
		CD281CCA3A055693BB53EFD5 /* Copy Pods Resources */ = {
			isa = PBXShellScriptBuildPhase;
			buildActionMask = 2147483647;
			files = (
			);
			inputPaths = (
			);
			name = "Copy Pods Resources";
			outputPaths = (
			);
			runOnlyForDeploymentPostprocessing = 0;
			shellPath = /bin/sh;
			shellScript = "\"${SRCROOT}/Pods/Target Support Files/Pods-picViewer/Pods-picViewer-resources.sh\"\n";
			showEnvVarsInLog = 0;
		};
		ED2166953837F3F4F4858772 /* Check Pods Manifest.lock */ = {
			isa = PBXShellScriptBuildPhase;
			buildActionMask = 2147483647;
			files = (
			);
			inputPaths = (
			);
			name = "Check Pods Manifest.lock";
			outputPaths = (
			);
			runOnlyForDeploymentPostprocessing = 0;
			shellPath = /bin/sh;
			shellScript = "diff \"${PODS_ROOT}/../Podfile.lock\" \"${PODS_ROOT}/Manifest.lock\" > /dev/null\nif [[ $? != 0 ]] ; then\n    cat << EOM\nerror: The sandbox is not in sync with the Podfile.lock. Run 'pod install' or update your CocoaPods installation.\nEOM\n    exit 1\nfi\n";
			showEnvVarsInLog = 0;
		};
/* End PBXShellScriptBuildPhase section */

/* Begin PBXSourcesBuildPhase section */
		848661D01CDAD64C00C263FD /* Sources */ = {
			isa = PBXSourcesBuildPhase;
			buildActionMask = 2147483647;
			files = (
				848661DF1CDAD64D00C263FD /* ViewController.m in Sources */,
				848662291CDB3AFE00C263FD /* BaseViewController.m in Sources */,
				848662251CDB39B300C263FD /* NSObject+Parse.m in Sources */,
				848661DC1CDAD64D00C263FD /* AppDelegate.m in Sources */,
				848662221CDB39B300C263FD /* NSObject+HUD.m in Sources */,
				848662261CDB39B300C263FD /* UIScrollView+Refresh.m in Sources */,
				848662171CDB31A200C263FD /* AppDelegate+Category.m in Sources */,
				848662241CDB39B300C263FD /* NSObject+Network.m in Sources */,
				848662231CDB39B300C263FD /* NSObject+MJParse.m in Sources */,
				848661D91CDAD64D00C263FD /* main.m in Sources */,
			);
			runOnlyForDeploymentPostprocessing = 0;
		};
		848661E91CDAD64D00C263FD /* Sources */ = {
			isa = PBXSourcesBuildPhase;
			buildActionMask = 2147483647;
			files = (
				848661F21CDAD64D00C263FD /* picViewerTests.m in Sources */,
			);
			runOnlyForDeploymentPostprocessing = 0;
		};
		848661F41CDAD64D00C263FD /* Sources */ = {
			isa = PBXSourcesBuildPhase;
			buildActionMask = 2147483647;
			files = (
				848661FD1CDAD64D00C263FD /* picViewerUITests.m in Sources */,
			);
			runOnlyForDeploymentPostprocessing = 0;
		};
/* End PBXSourcesBuildPhase section */

/* Begin PBXTargetDependency section */
		848661EF1CDAD64D00C263FD /* PBXTargetDependency */ = {
			isa = PBXTargetDependency;
			target = 848661D31CDAD64C00C263FD /* picViewer */;
			targetProxy = 848661EE1CDAD64D00C263FD /* PBXContainerItemProxy */;
		};
		848661FA1CDAD64D00C263FD /* PBXTargetDependency */ = {
			isa = PBXTargetDependency;
			target = 848661D31CDAD64C00C263FD /* picViewer */;
			targetProxy = 848661F91CDAD64D00C263FD /* PBXContainerItemProxy */;
		};
/* End PBXTargetDependency section */

/* Begin PBXVariantGroup section */
		848661E01CDAD64D00C263FD /* Main.storyboard */ = {
			isa = PBXVariantGroup;
			children = (
				848661E11CDAD64D00C263FD /* Base */,
			);
			name = Main.storyboard;
			path = ..;
			sourceTree = "<group>";
		};
		848661E51CDAD64D00C263FD /* LaunchScreen.storyboard */ = {
			isa = PBXVariantGroup;
			children = (
				848661E61CDAD64D00C263FD /* Base */,
			);
			name = LaunchScreen.storyboard;
			path = ..;
			sourceTree = "<group>";
		};
/* End PBXVariantGroup section */

/* Begin XCBuildConfiguration section */
		848661FF1CDAD64D00C263FD /* Debug */ = {
			isa = XCBuildConfiguration;
			buildSettings = {
				ALWAYS_SEARCH_USER_PATHS = NO;
				CLANG_ANALYZER_NONNULL = YES;
				CLANG_CXX_LANGUAGE_STANDARD = "gnu++0x";
				CLANG_CXX_LIBRARY = "libc++";
				CLANG_ENABLE_MODULES = YES;
				CLANG_ENABLE_OBJC_ARC = YES;
				CLANG_WARN_BOOL_CONVERSION = YES;
				CLANG_WARN_CONSTANT_CONVERSION = YES;
				CLANG_WARN_DIRECT_OBJC_ISA_USAGE = YES_ERROR;
				CLANG_WARN_EMPTY_BODY = YES;
				CLANG_WARN_ENUM_CONVERSION = YES;
				CLANG_WARN_INT_CONVERSION = YES;
				CLANG_WARN_OBJC_ROOT_CLASS = YES_ERROR;
				CLANG_WARN_UNREACHABLE_CODE = YES;
				CLANG_WARN__DUPLICATE_METHOD_MATCH = YES;
				"CODE_SIGN_IDENTITY[sdk=iphoneos*]" = "iPhone Developer";
				COPY_PHASE_STRIP = NO;
				DEBUG_INFORMATION_FORMAT = dwarf;
				ENABLE_STRICT_OBJC_MSGSEND = YES;
				ENABLE_TESTABILITY = YES;
				GCC_C_LANGUAGE_STANDARD = gnu99;
				GCC_DYNAMIC_NO_PIC = NO;
				GCC_NO_COMMON_BLOCKS = YES;
				GCC_OPTIMIZATION_LEVEL = 0;
				GCC_PREPROCESSOR_DEFINITIONS = (
					"DEBUG=1",
					"$(inherited)",
				);
				GCC_WARN_64_TO_32_BIT_CONVERSION = YES;
				GCC_WARN_ABOUT_RETURN_TYPE = YES_ERROR;
				GCC_WARN_UNDECLARED_SELECTOR = YES;
				GCC_WARN_UNINITIALIZED_AUTOS = YES_AGGRESSIVE;
				GCC_WARN_UNUSED_FUNCTION = YES;
				GCC_WARN_UNUSED_VARIABLE = YES;
				IPHONEOS_DEPLOYMENT_TARGET = 9.3;
				MTL_ENABLE_DEBUG_INFO = YES;
				ONLY_ACTIVE_ARCH = YES;
				SDKROOT = iphoneos;
			};
			name = Debug;
		};
		848662001CDAD64D00C263FD /* Release */ = {
			isa = XCBuildConfiguration;
			buildSettings = {
				ALWAYS_SEARCH_USER_PATHS = NO;
				CLANG_ANALYZER_NONNULL = YES;
				CLANG_CXX_LANGUAGE_STANDARD = "gnu++0x";
				CLANG_CXX_LIBRARY = "libc++";
				CLANG_ENABLE_MODULES = YES;
				CLANG_ENABLE_OBJC_ARC = YES;
				CLANG_WARN_BOOL_CONVERSION = YES;
				CLANG_WARN_CONSTANT_CONVERSION = YES;
				CLANG_WARN_DIRECT_OBJC_ISA_USAGE = YES_ERROR;
				CLANG_WARN_EMPTY_BODY = YES;
				CLANG_WARN_ENUM_CONVERSION = YES;
				CLANG_WARN_INT_CONVERSION = YES;
				CLANG_WARN_OBJC_ROOT_CLASS = YES_ERROR;
				CLANG_WARN_UNREACHABLE_CODE = YES;
				CLANG_WARN__DUPLICATE_METHOD_MATCH = YES;
				"CODE_SIGN_IDENTITY[sdk=iphoneos*]" = "iPhone Developer";
				COPY_PHASE_STRIP = NO;
				DEBUG_INFORMATION_FORMAT = "dwarf-with-dsym";
				ENABLE_NS_ASSERTIONS = NO;
				ENABLE_STRICT_OBJC_MSGSEND = YES;
				GCC_C_LANGUAGE_STANDARD = gnu99;
				GCC_NO_COMMON_BLOCKS = YES;
				GCC_WARN_64_TO_32_BIT_CONVERSION = YES;
				GCC_WARN_ABOUT_RETURN_TYPE = YES_ERROR;
				GCC_WARN_UNDECLARED_SELECTOR = YES;
				GCC_WARN_UNINITIALIZED_AUTOS = YES_AGGRESSIVE;
				GCC_WARN_UNUSED_FUNCTION = YES;
				GCC_WARN_UNUSED_VARIABLE = YES;
				IPHONEOS_DEPLOYMENT_TARGET = 9.3;
				MTL_ENABLE_DEBUG_INFO = NO;
				SDKROOT = iphoneos;
				VALIDATE_PRODUCT = YES;
			};
			name = Release;
		};
		848662021CDAD64D00C263FD /* Debug */ = {
			isa = XCBuildConfiguration;
			baseConfigurationReference = 2F03D8AD3E8B0022817CC368 /* Pods-picViewer.debug.xcconfig */;
			buildSettings = {
				ASSETCATALOG_COMPILER_APPICON_NAME = AppIcon;
				GCC_PRECOMPILE_PREFIX_HEADER = YES;
				GCC_PREFIX_HEADER = "$(PRODUCT_NAME)/PrefixHeader.pch";
				INFOPLIST_FILE = picViewer/Info.plist;
				IPHONEOS_DEPLOYMENT_TARGET = 7.0;
				LD_RUNPATH_SEARCH_PATHS = "$(inherited) @executable_path/Frameworks";
				PRODUCT_BUNDLE_IDENTIFIER = pengyiwei.picViewer;
				PRODUCT_NAME = "$(TARGET_NAME)";
			};
			name = Debug;
		};
		848662031CDAD64D00C263FD /* Release */ = {
			isa = XCBuildConfiguration;
			baseConfigurationReference = E87800B634C2E8FE3F901AE6 /* Pods-picViewer.release.xcconfig */;
			buildSettings = {
				ASSETCATALOG_COMPILER_APPICON_NAME = AppIcon;
				GCC_PRECOMPILE_PREFIX_HEADER = YES;
				GCC_PREFIX_HEADER = "$(PRODUCT_NAME)/PrefixHeader.pch";
				INFOPLIST_FILE = picViewer/Info.plist;
				IPHONEOS_DEPLOYMENT_TARGET = 7.0;
				LD_RUNPATH_SEARCH_PATHS = "$(inherited) @executable_path/Frameworks";
				PRODUCT_BUNDLE_IDENTIFIER = pengyiwei.picViewer;
				PRODUCT_NAME = "$(TARGET_NAME)";
			};
			name = Release;
		};
		848662051CDAD64D00C263FD /* Debug */ = {
			isa = XCBuildConfiguration;
			buildSettings = {
				BUNDLE_LOADER = "$(TEST_HOST)";
				INFOPLIST_FILE = picViewerTests/Info.plist;
				LD_RUNPATH_SEARCH_PATHS = "$(inherited) @executable_path/Frameworks @loader_path/Frameworks";
				PRODUCT_BUNDLE_IDENTIFIER = pengyiwei.picViewerTests;
				PRODUCT_NAME = "$(TARGET_NAME)";
				TEST_HOST = "$(BUILT_PRODUCTS_DIR)/picViewer.app/picViewer";
			};
			name = Debug;
		};
		848662061CDAD64D00C263FD /* Release */ = {
			isa = XCBuildConfiguration;
			buildSettings = {
				BUNDLE_LOADER = "$(TEST_HOST)";
				INFOPLIST_FILE = picViewerTests/Info.plist;
				LD_RUNPATH_SEARCH_PATHS = "$(inherited) @executable_path/Frameworks @loader_path/Frameworks";
				PRODUCT_BUNDLE_IDENTIFIER = pengyiwei.picViewerTests;
				PRODUCT_NAME = "$(TARGET_NAME)";
				TEST_HOST = "$(BUILT_PRODUCTS_DIR)/picViewer.app/picViewer";
			};
			name = Release;
		};
		848662081CDAD64D00C263FD /* Debug */ = {
			isa = XCBuildConfiguration;
			buildSettings = {
				INFOPLIST_FILE = picViewerUITests/Info.plist;
				LD_RUNPATH_SEARCH_PATHS = "$(inherited) @executable_path/Frameworks @loader_path/Frameworks";
				PRODUCT_BUNDLE_IDENTIFIER = pengyiwei.picViewerUITests;
				PRODUCT_NAME = "$(TARGET_NAME)";
				TEST_TARGET_NAME = picViewer;
			};
			name = Debug;
		};
		848662091CDAD64D00C263FD /* Release */ = {
			isa = XCBuildConfiguration;
			buildSettings = {
				INFOPLIST_FILE = picViewerUITests/Info.plist;
				LD_RUNPATH_SEARCH_PATHS = "$(inherited) @executable_path/Frameworks @loader_path/Frameworks";
				PRODUCT_BUNDLE_IDENTIFIER = pengyiwei.picViewerUITests;
				PRODUCT_NAME = "$(TARGET_NAME)";
				TEST_TARGET_NAME = picViewer;
			};
			name = Release;
		};
/* End XCBuildConfiguration section */

/* Begin XCConfigurationList section */
		848661CF1CDAD64C00C263FD /* Build configuration list for PBXProject "picViewer" */ = {
			isa = XCConfigurationList;
			buildConfigurations = (
				848661FF1CDAD64D00C263FD /* Debug */,
				848662001CDAD64D00C263FD /* Release */,
			);
			defaultConfigurationIsVisible = 0;
			defaultConfigurationName = Release;
		};
		848662011CDAD64D00C263FD /* Build configuration list for PBXNativeTarget "picViewer" */ = {
			isa = XCConfigurationList;
			buildConfigurations = (
				848662021CDAD64D00C263FD /* Debug */,
				848662031CDAD64D00C263FD /* Release */,
			);
			defaultConfigurationIsVisible = 0;
			defaultConfigurationName = Release;
		};
		848662041CDAD64D00C263FD /* Build configuration list for PBXNativeTarget "picViewerTests" */ = {
			isa = XCConfigurationList;
			buildConfigurations = (
				848662051CDAD64D00C263FD /* Debug */,
				848662061CDAD64D00C263FD /* Release */,
			);
			defaultConfigurationIsVisible = 0;
			defaultConfigurationName = Release;
		};
		848662071CDAD64D00C263FD /* Build configuration list for PBXNativeTarget "picViewerUITests" */ = {
			isa = XCConfigurationList;
			buildConfigurations = (
				848662081CDAD64D00C263FD /* Debug */,
				848662091CDAD64D00C263FD /* Release */,
			);
			defaultConfigurationIsVisible = 0;
			defaultConfigurationName = Release;
		};
/* End XCConfigurationList section */
	};
	rootObject = 848661CC1CDAD64C00C263FD /* Project object */;
}
